
Microsoft Visual Studio Solution File, Format Version 12.00
# Visual Studio Version 17
VisualStudioVersion = 17.0.31903.59
MinimumVisualStudioVersion = 10.0.40219.1
Project("{2150E333-8FDC-42A3-9474-1A3956D46DE8}") = "src", "src", "{827E0CD3-B72D-47B6-A68D-7590B98EB39B}"
EndProject
Project("{FAE04EC0-301F-11D3-BF4B-00C04F79EFBC}") = "ArxisStudio.ProjectSystem", "src\ArxisStudio.ProjectSystem\ArxisStudio.ProjectSystem.csproj", "{C778A5A1-4495-44FA-8359-C7BE61838F51}"
EndProject
Project("{2150E333-8FDC-42A3-9474-1A3956D46DE8}") = "tests", "tests", "{0AB3BF05-4346-4AA6-1389-037BE0695223}"
EndProject
Project("{FAE04EC0-301F-11D3-BF4B-00C04F79EFBC}") = "ArxisStudio.ProjectSystem.Architecture.Tests", "tests\ArxisStudio.ProjectSystem.Architecture.Tests\ArxisStudio.ProjectSystem.Architecture.Tests.csproj", "{E6323213-EAA3-4470-B68E-90D5F73440D2}"
EndProject
Project("{FAE04EC0-301F-11D3-BF4B-00C04F79EFBC}") = "ArxisStudio.ProjectSystem.Tests", "tests\ArxisStudio.ProjectSystem.Tests\ArxisStudio.ProjectSystem.Tests.csproj", "{28E42620-01BE-4BF8-9538-C9A2206D3F95}"
EndProject
Project("{FAE04EC0-301F-11D3-BF4B-00C04F79EFBC}") = "ArxisStudio.ProjectSystem.MSBuild", "src\ArxisStudio.ProjectSystem.MSBuild\ArxisStudio.ProjectSystem.MSBuild.csproj", "{0B9C45E1-5E5A-4D46-A778-08E61C0D1AA3}"
EndProject
Project("{FAE04EC0-301F-11D3-BF4B-00C04F79EFBC}") = "ArxisStudio.ProjectSystem.MSBuild.Tests", "tests\ArxisStudio.ProjectSystem.MSBuild.Tests\ArxisStudio.ProjectSystem.MSBuild.Tests.csproj", "{EDF4B93B-FF82-4936-9788-B0E8A9B10D0B}"
EndProject
Project("{FAE04EC0-301F-11D3-BF4B-00C04F79EFBC}") = "ArxisStudio.ProjectSystem.NuGet.Tests", "tests\ArxisStudio.ProjectSystem.NuGet.Tests\ArxisStudio.ProjectSystem.NuGet.Tests.csproj", "{068712C1-79FD-47FE-A48D-D5E3D090E871}"
EndProject
Project("{FAE04EC0-301F-11D3-BF4B-00C04F79EFBC}") = "ArxisStudio.ProjectSystem.NuGet", "src\ArxisStudio.ProjectSystem.NuGet\ArxisStudio.ProjectSystem.NuGet.csproj", "{FCDD765F-1202-45F1-9D12-B00795B706CF}"
EndProject
Global
	GlobalSection(SolutionConfigurationPlatforms) = preSolution
		Debug|Any CPU = Debug|Any CPU
		Debug|x64 = Debug|x64
		Debug|x86 = Debug|x86
		Release|Any CPU = Release|Any CPU
		Release|x64 = Release|x64
		Release|x86 = Release|x86
	EndGlobalSection
	GlobalSection(ProjectConfigurationPlatforms) = postSolution
		{C778A5A1-4495-44FA-8359-C7BE61838F51}.Debug|Any CPU.ActiveCfg = Debug|Any CPU
		{C778A5A1-4495-44FA-8359-C7BE61838F51}.Debug|Any CPU.Build.0 = Debug|Any CPU
		{C778A5A1-4495-44FA-8359-C7BE61838F51}.Debug|x64.ActiveCfg = Debug|Any CPU
		{C778A5A1-4495-44FA-8359-C7BE61838F51}.Debug|x64.Build.0 = Debug|Any CPU
		{C778A5A1-4495-44FA-8359-C7BE61838F51}.Debug|x86.ActiveCfg = Debug|Any CPU
		{C778A5A1-4495-44FA-8359-C7BE61838F51}.Debug|x86.Build.0 = Debug|Any CPU
		{C778A5A1-4495-44FA-8359-C7BE61838F51}.Release|Any CPU.ActiveCfg = Release|Any CPU
		{C778A5A1-4495-44FA-8359-C7BE61838F51}.Release|Any CPU.Build.0 = Release|Any CPU
		{C778A5A1-4495-44FA-8359-C7BE61838F51}.Release|x64.ActiveCfg = Release|Any CPU
		{C778A5A1-4495-44FA-8359-C7BE61838F51}.Release|x64.Build.0 = Release|Any CPU
		{C778A5A1-4495-44FA-8359-C7BE61838F51}.Release|x86.ActiveCfg = Release|Any CPU
		{C778A5A1-4495-44FA-8359-C7BE61838F51}.Release|x86.Build.0 = Release|Any CPU
		{E6323213-EAA3-4470-B68E-90D5F73440D2}.Debug|Any CPU.ActiveCfg = Debug|Any CPU
		{E6323213-EAA3-4470-B68E-90D5F73440D2}.Debug|Any CPU.Build.0 = Debug|Any CPU
		{E6323213-EAA3-4470-B68E-90D5F73440D2}.Debug|x64.ActiveCfg = Debug|Any CPU
		{E6323213-EAA3-4470-B68E-90D5F73440D2}.Debug|x64.Build.0 = Debug|Any CPU
		{E6323213-EAA3-4470-B68E-90D5F73440D2}.Debug|x86.ActiveCfg = Debug|Any CPU
		{E6323213-EAA3-4470-B68E-90D5F73440D2}.Debug|x86.Build.0 = Debug|Any CPU
		{E6323213-EAA3-4470-B68E-90D5F73440D2}.Release|Any CPU.ActiveCfg = Release|Any CPU
		{E6323213-EAA3-4470-B68E-90D5F73440D2}.Release|Any CPU.Build.0 = Release|Any CPU
		{E6323213-EAA3-4470-B68E-90D5F73440D2}.Release|x64.ActiveCfg = Release|Any CPU
		{E6323213-EAA3-4470-B68E-90D5F73440D2}.Release|x64.Build.0 = Release|Any CPU
		{E6323213-EAA3-4470-B68E-90D5F73440D2}.Release|x86.ActiveCfg = Release|Any CPU
		{E6323213-EAA3-4470-B68E-90D5F73440D2}.Release|x86.Build.0 = Release|Any CPU
		{28E42620-01BE-4BF8-9538-C9A2206D3F95}.Debug|Any CPU.ActiveCfg = Debug|Any CPU
		{28E42620-01BE-4BF8-9538-C9A2206D3F95}.Debug|Any CPU.Build.0 = Debug|Any CPU
		{28E42620-01BE-4BF8-9538-C9A2206D3F95}.Debug|x64.ActiveCfg = Debug|Any CPU
		{28E42620-01BE-4BF8-9538-C9A2206D3F95}.Debug|x64.Build.0 = Debug|Any CPU
		{28E42620-01BE-4BF8-9538-C9A2206D3F95}.Debug|x86.ActiveCfg = Debug|Any CPU
		{28E42620-01BE-4BF8-9538-C9A2206D3F95}.Debug|x86.Build.0 = Debug|Any CPU
		{28E42620-01BE-4BF8-9538-C9A2206D3F95}.Release|Any CPU.ActiveCfg = Release|Any CPU
		{28E42620-01BE-4BF8-9538-C9A2206D3F95}.Release|Any CPU.Build.0 = Release|Any CPU
		{28E42620-01BE-4BF8-9538-C9A2206D3F95}.Release|x64.ActiveCfg = Release|Any CPU
		{28E42620-01BE-4BF8-9538-C9A2206D3F95}.Release|x64.Build.0 = Release|Any CPU
		{28E42620-01BE-4BF8-9538-C9A2206D3F95}.Release|x86.ActiveCfg = Release|Any CPU
		{28E42620-01BE-4BF8-9538-C9A2206D3F95}.Release|x86.Build.0 = Release|Any CPU
		{0B9C45E1-5E5A-4D46-A778-08E61C0D1AA3}.Debug|Any CPU.ActiveCfg = Debug|Any CPU
		{0B9C45E1-5E5A-4D46-A778-08E61C0D1AA3}.Debug|Any CPU.Build.0 = Debug|Any CPU
		{0B9C45E1-5E5A-4D46-A778-08E61C0D1AA3}.Debug|x64.ActiveCfg = Debug|Any CPU
		{0B9C45E1-5E5A-4D46-A778-08E61C0D1AA3}.Debug|x64.Build.0 = Debug|Any CPU
		{0B9C45E1-5E5A-4D46-A778-08E61C0D1AA3}.Debug|x86.ActiveCfg = Debug|Any CPU
		{0B9C45E1-5E5A-4D46-A778-08E61C0D1AA3}.Debug|x86.Build.0 = Debug|Any CPU
		{0B9C45E1-5E5A-4D46-A778-08E61C0D1AA3}.Release|Any CPU.ActiveCfg = Release|Any CPU
		{0B9C45E1-5E5A-4D46-A778-08E61C0D1AA3}.Release|Any CPU.Build.0 = Release|Any CPU
		{0B9C45E1-5E5A-4D46-A778-08E61C0D1AA3}.Release|x64.ActiveCfg = Release|Any CPU
		{0B9C45E1-5E5A-4D46-A778-08E61C0D1AA3}.Release|x64.Build.0 = Release|Any CPU
		{0B9C45E1-5E5A-4D46-A778-08E61C0D1AA3}.Release|x86.ActiveCfg = Release|Any CPU
		{0B9C45E1-5E5A-4D46-A778-08E61C0D1AA3}.Release|x86.Build.0 = Release|Any CPU
		{EDF4B93B-FF82-4936-9788-B0E8A9B10D0B}.Debug|Any CPU.ActiveCfg = Debug|Any CPU
		{EDF4B93B-FF82-4936-9788-B0E8A9B10D0B}.Debug|Any CPU.Build.0 = Debug|Any CPU
		{EDF4B93B-FF82-4936-9788-B0E8A9B10D0B}.Debug|x64.ActiveCfg = Debug|Any CPU
		{EDF4B93B-FF82-4936-9788-B0E8A9B10D0B}.Debug|x64.Build.0 = Debug|Any CPU
		{EDF4B93B-FF82-4936-9788-B0E8A9B10D0B}.Debug|x86.ActiveCfg = Debug|Any CPU
		{EDF4B93B-FF82-4936-9788-B0E8A9B10D0B}.Debug|x86.Build.0 = Debug|Any CPU
		{EDF4B93B-FF82-4936-9788-B0E8A9B10D0B}.Release|Any CPU.ActiveCfg = Release|Any CPU
		{EDF4B93B-FF82-4936-9788-B0E8A9B10D0B}.Release|Any CPU.Build.0 = Release|Any CPU
		{EDF4B93B-FF82-4936-9788-B0E8A9B10D0B}.Release|x64.ActiveCfg = Release|Any CPU
		{EDF4B93B-FF82-4936-9788-B0E8A9B10D0B}.Release|x64.Build.0 = Release|Any CPU
		{EDF4B93B-FF82-4936-9788-B0E8A9B10D0B}.Release|x86.ActiveCfg = Release|Any CPU
		{EDF4B93B-FF82-4936-9788-B0E8A9B10D0B}.Release|x86.Build.0 = Release|Any CPU
		{068712C1-79FD-47FE-A48D-D5E3D090E871}.Debug|Any CPU.ActiveCfg = Debug|Any CPU
		{068712C1-79FD-47FE-A48D-D5E3D090E871}.Debug|Any CPU.Build.0 = Debug|Any CPU
		{068712C1-79FD-47FE-A48D-D5E3D090E871}.Debug|x64.ActiveCfg = Debug|Any CPU
		{068712C1-79FD-47FE-A48D-D5E3D090E871}.Debug|x64.Build.0 = Debug|Any CPU
		{068712C1-79FD-47FE-A48D-D5E3D090E871}.Debug|x86.ActiveCfg = Debug|Any CPU
		{068712C1-79FD-47FE-A48D-D5E3D090E871}.Debug|x86.Build.0 = Debug|Any CPU
		{068712C1-79FD-47FE-A48D-D5E3D090E871}.Release|Any CPU.ActiveCfg = Release|Any CPU
		{068712C1-79FD-47FE-A48D-D5E3D090E871}.Release|Any CPU.Build.0 = Release|Any CPU
		{068712C1-79FD-47FE-A48D-D5E3D090E871}.Release|x64.ActiveCfg = Release|Any CPU
		{068712C1-79FD-47FE-A48D-D5E3D090E871}.Release|x64.Build.0 = Release|Any CPU
		{068712C1-79FD-47FE-A48D-D5E3D090E871}.Release|x86.ActiveCfg = Release|Any CPU
		{068712C1-79FD-47FE-A48D-D5E3D090E871}.Release|x86.Build.0 = Release|Any CPU
		{FCDD765F-1202-45F1-9D12-B00795B706CF}.Debug|Any CPU.ActiveCfg = Debug|Any CPU
		{FCDD765F-1202-45F1-9D12-B00795B706CF}.Debug|Any CPU.Build.0 = Debug|Any CPU
		{FCDD765F-1202-45F1-9D12-B00795B706CF}.Debug|x64.ActiveCfg = Debug|Any CPU
		{FCDD765F-1202-45F1-9D12-B00795B706CF}.Debug|x64.Build.0 = Debug|Any CPU
		{FCDD765F-1202-45F1-9D12-B00795B706CF}.Debug|x86.ActiveCfg = Debug|Any CPU
		{FCDD765F-1202-45F1-9D12-B00795B706CF}.Debug|x86.Build.0 = Debug|Any CPU
		{FCDD765F-1202-45F1-9D12-B00795B706CF}.Release|Any CPU.ActiveCfg = Release|Any CPU
		{FCDD765F-1202-45F1-9D12-B00795B706CF}.Release|Any CPU.Build.0 = Release|Any CPU
		{FCDD765F-1202-45F1-9D12-B00795B706CF}.Release|x64.ActiveCfg = Release|Any CPU
		{FCDD765F-1202-45F1-9D12-B00795B706CF}.Release|x64.Build.0 = Release|Any CPU
		{FCDD765F-1202-45F1-9D12-B00795B706CF}.Release|x86.ActiveCfg = Release|Any CPU
		{FCDD765F-1202-45F1-9D12-B00795B706CF}.Release|x86.Build.0 = Release|Any CPU
	EndGlobalSection
	GlobalSection(SolutionProperties) = preSolution
		HideSolutionNode = FALSE
	EndGlobalSection
	GlobalSection(NestedProjects) = preSolution
		{C778A5A1-4495-44FA-8359-C7BE61838F51} = {827E0CD3-B72D-47B6-A68D-7590B98EB39B}
		{E6323213-EAA3-4470-B68E-90D5F73440D2} = {0AB3BF05-4346-4AA6-1389-037BE0695223}
		{28E42620-01BE-4BF8-9538-C9A2206D3F95} = {0AB3BF05-4346-4AA6-1389-037BE0695223}
		{0B9C45E1-5E5A-4D46-A778-08E61C0D1AA3} = {827E0CD3-B72D-47B6-A68D-7590B98EB39B}
		{EDF4B93B-FF82-4936-9788-B0E8A9B10D0B} = {0AB3BF05-4346-4AA6-1389-037BE0695223}
		{068712C1-79FD-47FE-A48D-D5E3D090E871} = {0AB3BF05-4346-4AA6-1389-037BE0695223}
		{FCDD765F-1202-45F1-9D12-B00795B706CF} = {827E0CD3-B72D-47B6-A68D-7590B98EB39B}
	EndGlobalSection
EndGlobal
